{
  "lockfileVersion": 1,
  "workspaces": {
    "": {
      "name": "tao-burner",
      "dependencies": {
        "@polkadot/api": "^16.4.8",
        "@polkadot/keyring": "^13.5.7",
        "@polkadot/util-crypto": "^13.5.7",
        "dotenv": "^17.2.3",
        "ws": "^8.18.3",
      },
      "devDependencies": {
        "@types/bun": "latest",
      },
      "peerDependencies": {
        "typescript": "^5.0.0",
      },
    },
  },
  "packages": {
    "@noble/curves": ["@noble/curves@1.9.7", "", { "dependencies": { "@noble/hashes": "1.8.0" } }, "sha512-gbKGcRUYIjA3/zCCNaWDciTMFI0dCkvou3TL8Zmy5Nc7sJ47a0jtOeZoTaMxkuqRo9cRhjOdZJXegxYE5FN/xw=="],

    "@noble/hashes": ["@noble/hashes@1.8.0", "", {}, "sha512-jCs9ldd7NwzpgXDIf6P3+NrHh9/sD6CQdxHyjQI+h/6rDNo88ypBxxz45UDuZHz9r3tNz7N/VInSVoVdtXEI4A=="],

    "@polkadot-api/json-rpc-provider": ["@polkadot-api/json-rpc-provider@0.0.1", "", {}, "sha512-/SMC/l7foRjpykLTUTacIH05H3mr9ip8b5xxfwXlVezXrNVLp3Cv0GX6uItkKd+ZjzVPf3PFrDF2B2/HLSNESA=="],

    "@polkadot-api/json-rpc-provider-proxy": ["@polkadot-api/json-rpc-provider-proxy@0.1.0", "", {}, "sha512-8GSFE5+EF73MCuLQm8tjrbCqlgclcHBSRaswvXziJ0ZW7iw3UEMsKkkKvELayWyBuOPa2T5i1nj6gFOeIsqvrg=="],

    "@polkadot-api/metadata-builders": ["@polkadot-api/metadata-builders@0.3.2", "", { "dependencies": { "@polkadot-api/substrate-bindings": "0.6.0", "@polkadot-api/utils": "0.1.0" } }, "sha512-TKpfoT6vTb+513KDzMBTfCb/ORdgRnsS3TDFpOhAhZ08ikvK+hjHMt5plPiAX/OWkm1Wc9I3+K6W0hX5Ab7MVg=="],

    "@polkadot-api/observable-client": ["@polkadot-api/observable-client@0.3.2", "", { "dependencies": { "@polkadot-api/metadata-builders": "0.3.2", "@polkadot-api/substrate-bindings": "0.6.0", "@polkadot-api/utils": "0.1.0" }, "peerDependencies": { "@polkadot-api/substrate-client": "0.1.4", "rxjs": ">=7.8.0" } }, "sha512-HGgqWgEutVyOBXoGOPp4+IAq6CNdK/3MfQJmhCJb8YaJiaK4W6aRGrdQuQSTPHfERHCARt9BrOmEvTXAT257Ug=="],

    "@polkadot-api/substrate-bindings": ["@polkadot-api/substrate-bindings@0.6.0", "", { "dependencies": { "@noble/hashes": "^1.3.1", "@polkadot-api/utils": "0.1.0", "@scure/base": "^1.1.1", "scale-ts": "^1.6.0" } }, "sha512-lGuhE74NA1/PqdN7fKFdE5C1gNYX357j1tWzdlPXI0kQ7h3kN0zfxNOpPUN7dIrPcOFZ6C0tRRVrBylXkI6xPw=="],

    "@polkadot-api/substrate-client": ["@polkadot-api/substrate-client@0.1.4", "", { "dependencies": { "@polkadot-api/json-rpc-provider": "0.0.1", "@polkadot-api/utils": "0.1.0" } }, "sha512-MljrPobN0ZWTpn++da9vOvt+Ex+NlqTlr/XT7zi9sqPtDJiQcYl+d29hFAgpaeTqbeQKZwz3WDE9xcEfLE8c5A=="],

    "@polkadot-api/utils": ["@polkadot-api/utils@0.1.0", "", {}, "sha512-MXzWZeuGxKizPx2Xf/47wx9sr/uxKw39bVJUptTJdsaQn/TGq+z310mHzf1RCGvC1diHM8f593KrnDgc9oNbJA=="],

    "@polkadot/api": ["@polkadot/api@16.4.8", "", { "dependencies": { "@polkadot/api-augment": "16.4.8", "@polkadot/api-base": "16.4.8", "@polkadot/api-derive": "16.4.8", "@polkadot/keyring": "^13.5.6", "@polkadot/rpc-augment": "16.4.8", "@polkadot/rpc-core": "16.4.8", "@polkadot/rpc-provider": "16.4.8", "@polkadot/types": "16.4.8", "@polkadot/types-augment": "16.4.8", "@polkadot/types-codec": "16.4.8", "@polkadot/types-create": "16.4.8", "@polkadot/types-known": "16.4.8", "@polkadot/util": "^13.5.6", "@polkadot/util-crypto": "^13.5.6", "eventemitter3": "^5.0.1", "rxjs": "^7.8.1", "tslib": "^2.8.1" } }, "sha512-72OMPwd47t/ZJB9zIE7d60FqqgCrRqBZqYNkPRBtPYTQNDUsStg3g6hswSp8cdzPua3oKxeamD2GF+BBr0wB3A=="],

    "@polkadot/api-augment": ["@polkadot/api-augment@16.4.8", "", { "dependencies": { "@polkadot/api-base": "16.4.8", "@polkadot/rpc-augment": "16.4.8", "@polkadot/types": "16.4.8", "@polkadot/types-augment": "16.4.8", "@polkadot/types-codec": "16.4.8", "@polkadot/util": "^13.5.6", "tslib": "^2.8.1" } }, "sha512-hBjSCkQjKqfUmhD1eNFg01Q1kivD5EGnq7zCaKFof+2Y1pdCs9EI5Qa+7MLJFJA0TvHBY6ILt5mSW6Gp/b0dtw=="],

    "@polkadot/api-base": ["@polkadot/api-base@16.4.8", "", { "dependencies": { "@polkadot/rpc-core": "16.4.8", "@polkadot/types": "16.4.8", "@polkadot/util": "^13.5.6", "rxjs": "^7.8.1", "tslib": "^2.8.1" } }, "sha512-RqLG0DFvS99RAWb60r1u5AAnZu6cS1Cit/ASTnzXYysLKVpVd6RCPSZVl+e8NX42pOgGuwh0e1P6LtoIaK2qYQ=="],

    "@polkadot/api-derive": ["@polkadot/api-derive@16.4.8", "", { "dependencies": { "@polkadot/api": "16.4.8", "@polkadot/api-augment": "16.4.8", "@polkadot/api-base": "16.4.8", "@polkadot/rpc-core": "16.4.8", "@polkadot/types": "16.4.8", "@polkadot/types-codec": "16.4.8", "@polkadot/util": "^13.5.6", "@polkadot/util-crypto": "^13.5.6", "rxjs": "^7.8.1", "tslib": "^2.8.1" } }, "sha512-qTCVtTNCi95sORld964juDhh8ydbJkUKJK7/4PiZcB3h5dLscBI/Prg6rFRyp0k8w7n0qCvjjBHJrDqov8LPmg=="],

    "@polkadot/keyring": ["@polkadot/keyring@13.5.7", "", { "dependencies": { "@polkadot/util": "13.5.7", "@polkadot/util-crypto": "13.5.7", "tslib": "^2.8.0" } }, "sha512-S75K2m2AoiTMnns7ko3t72jvyJRmrqdFFPldLdPdjRuds+E8OFewcwms/aXHGn9IwViWHFX6PSx0QAzWN/qWzQ=="],

    "@polkadot/networks": ["@polkadot/networks@13.5.7", "", { "dependencies": { "@polkadot/util": "13.5.7", "@substrate/ss58-registry": "^1.51.0", "tslib": "^2.8.0" } }, "sha512-RdQcgaPy68NRSI7UTBdxr1aw66MXVdbpGhpWQpLf3/7puUdwkem6KxqFNnC9/kJSXRlyYGeYHN9Hsf4+CTWBSQ=="],

    "@polkadot/rpc-augment": ["@polkadot/rpc-augment@16.4.8", "", { "dependencies": { "@polkadot/rpc-core": "16.4.8", "@polkadot/types": "16.4.8", "@polkadot/types-codec": "16.4.8", "@polkadot/util": "^13.5.6", "tslib": "^2.8.1" } }, "sha512-ri5yjmVa0zw56nVQr2P0ozxxz89+RwBUD01sgusNraRbrYOCpNyJlOUsom/1qTVIylyOknzIxpAgFoMkALuqwg=="],

    "@polkadot/rpc-core": ["@polkadot/rpc-core@16.4.8", "", { "dependencies": { "@polkadot/rpc-augment": "16.4.8", "@polkadot/rpc-provider": "16.4.8", "@polkadot/types": "16.4.8", "@polkadot/util": "^13.5.6", "rxjs": "^7.8.1", "tslib": "^2.8.1" } }, "sha512-LN5BgUeBjGaxybUyFB8WbBU5clwthcMu4XYT0vN4howx/3BvJgBPMvm+K52eWdzSWlPojGtVkNNCy9QTNFWx0w=="],

    "@polkadot/rpc-provider": ["@polkadot/rpc-provider@16.4.8", "", { "dependencies": { "@polkadot/keyring": "^13.5.6", "@polkadot/types": "16.4.8", "@polkadot/types-support": "16.4.8", "@polkadot/util": "^13.5.6", "@polkadot/util-crypto": "^13.5.6", "@polkadot/x-fetch": "^13.5.6", "@polkadot/x-global": "^13.5.6", "@polkadot/x-ws": "^13.5.6", "eventemitter3": "^5.0.1", "mock-socket": "^9.3.1", "nock": "^13.5.5", "tslib": "^2.8.1" }, "optionalDependencies": { "@substrate/connect": "0.8.11" } }, "sha512-FD65zi3tBdBYccAWrTbxLP6ZxdU8rJAawD71dx3+RcHwIc5aLHoeK2ZuuXlaLi2LvnhvFDWCm5qJRMElXVYZbA=="],

    "@polkadot/types": ["@polkadot/types@16.4.8", "", { "dependencies": { "@polkadot/keyring": "^13.5.6", "@polkadot/types-augment": "16.4.8", "@polkadot/types-codec": "16.4.8", "@polkadot/types-create": "16.4.8", "@polkadot/util": "^13.5.6", "@polkadot/util-crypto": "^13.5.6", "rxjs": "^7.8.1", "tslib": "^2.8.1" } }, "sha512-w593kgSlcREBhV349sAzfZI/RTqjVmruZ8vhwxte+nwJnzAINWwM0epFrVVFSQVE+FYjiZrVlH9LWenm5TDx3g=="],

    "@polkadot/types-augment": ["@polkadot/types-augment@16.4.8", "", { "dependencies": { "@polkadot/types": "16.4.8", "@polkadot/types-codec": "16.4.8", "@polkadot/util": "^13.5.6", "tslib": "^2.8.1" } }, "sha512-oAJ2okk+z210yS8D3Bj51Bgg5c3L2bAnL7PLnXpfcavGJh8cnvWoEi438lhqPuLKNrTnMw9qrnxH+YRLqRGhqA=="],

    "@polkadot/types-codec": ["@polkadot/types-codec@16.4.8", "", { "dependencies": { "@polkadot/util": "^13.5.6", "@polkadot/x-bigint": "^13.5.6", "tslib": "^2.8.1" } }, "sha512-JMaXwnaZUwpgHqdpU7zRh2HtDDzMDwYK0qHK5p1UhDK3eArq3rYLUsCvLatC8tNaZUB4wHHBIbG0qSslWHDf+A=="],

    "@polkadot/types-create": ["@polkadot/types-create@16.4.8", "", { "dependencies": { "@polkadot/types-codec": "16.4.8", "@polkadot/util": "^13.5.6", "tslib": "^2.8.1" } }, "sha512-YpI+yv8tsyV1Psn5KjPbAOmZ+KwrmYRxQD1GIbo72LbsEV0mCfELsKJiJLT16xgIe4JaWDKOu4ofgHV42cBmUg=="],

    "@polkadot/types-known": ["@polkadot/types-known@16.4.8", "", { "dependencies": { "@polkadot/networks": "^13.5.6", "@polkadot/types": "16.4.8", "@polkadot/types-codec": "16.4.8", "@polkadot/types-create": "16.4.8", "@polkadot/util": "^13.5.6", "tslib": "^2.8.1" } }, "sha512-WoyOe1hhaoIfIwhVpCM4foK/9VS1/hlQ1BDRoPfQCIw4UP9Al9a3yU2oabjlIwGR6ivptxIL7BB9/C6jtBU8pQ=="],

    "@polkadot/types-support": ["@polkadot/types-support@16.4.8", "", { "dependencies": { "@polkadot/util": "^13.5.6", "tslib": "^2.8.1" } }, "sha512-rXv4S4QJK3ge5pkiSo83PWNl/SBxibAhvJrV4Myg5vXE/x6iDtd+gOxdz00C2MATaZaSNCsdI78WlK+00jDtCQ=="],

    "@polkadot/util": ["@polkadot/util@13.5.7", "", { "dependencies": { "@polkadot/x-bigint": "13.5.7", "@polkadot/x-global": "13.5.7", "@polkadot/x-textdecoder": "13.5.7", "@polkadot/x-textencoder": "13.5.7", "@types/bn.js": "^5.1.6", "bn.js": "^5.2.1", "tslib": "^2.8.0" } }, "sha512-5Rhp6/FDI55iCJcGd/9bMQaF0E26OE+uZwz68JuRW75DW8v7zsN3bnjnVqk3KO/c4u5EgLSqbhXPuyW24BP1+Q=="],

    "@polkadot/util-crypto": ["@polkadot/util-crypto@13.5.7", "", { "dependencies": { "@noble/curves": "^1.3.0", "@noble/hashes": "^1.3.3", "@polkadot/networks": "13.5.7", "@polkadot/util": "13.5.7", "@polkadot/wasm-crypto": "^7.5.1", "@polkadot/wasm-util": "^7.5.1", "@polkadot/x-bigint": "13.5.7", "@polkadot/x-randomvalues": "13.5.7", "@scure/base": "^1.1.7", "tslib": "^2.8.0" } }, "sha512-SNzfAmtSSfUnQesrGLxc1RDg1arsvFSsAkH0xulffByqJfLugB3rZWJXIKqKNfcRZtomsMMURPeW7lfpAomSug=="],

    "@polkadot/wasm-bridge": ["@polkadot/wasm-bridge@7.5.1", "", { "dependencies": { "@polkadot/wasm-util": "7.5.1", "tslib": "^2.7.0" }, "peerDependencies": { "@polkadot/util": "*", "@polkadot/x-randomvalues": "*" } }, "sha512-E+N3CSnX3YaXpAmfIQ+4bTyiAqJQKvVcMaXjkuL8Tp2zYffClWLG5e+RY15Uh+EWfUl9If4y6cLZi3D5NcpAGQ=="],

    "@polkadot/wasm-crypto": ["@polkadot/wasm-crypto@7.5.1", "", { "dependencies": { "@polkadot/wasm-bridge": "7.5.1", "@polkadot/wasm-crypto-asmjs": "7.5.1", "@polkadot/wasm-crypto-init": "7.5.1", "@polkadot/wasm-crypto-wasm": "7.5.1", "@polkadot/wasm-util": "7.5.1", "tslib": "^2.7.0" }, "peerDependencies": { "@polkadot/util": "*", "@polkadot/x-randomvalues": "*" } }, "sha512-acjt4VJ3w19v7b/SIPsV/5k9s6JsragHKPnwoZ0KTfBvAFXwzz80jUzVGxA06SKHacfCUe7vBRlz7M5oRby1Pw=="],

    "@polkadot/wasm-crypto-asmjs": ["@polkadot/wasm-crypto-asmjs@7.5.1", "", { "dependencies": { "tslib": "^2.7.0" }, "peerDependencies": { "@polkadot/util": "*" } }, "sha512-jAg7Uusk+xeHQ+QHEH4c/N3b1kEGBqZb51cWe+yM61kKpQwVGZhNdlWetW6U23t/BMyZArIWMsZqmK/Ij0PHog=="],

    "@polkadot/wasm-crypto-init": ["@polkadot/wasm-crypto-init@7.5.1", "", { "dependencies": { "@polkadot/wasm-bridge": "7.5.1", "@polkadot/wasm-crypto-asmjs": "7.5.1", "@polkadot/wasm-crypto-wasm": "7.5.1", "@polkadot/wasm-util": "7.5.1", "tslib": "^2.7.0" }, "peerDependencies": { "@polkadot/util": "*", "@polkadot/x-randomvalues": "*" } }, "sha512-Obu4ZEo5jYO6sN31eqCNOXo88rPVkP9TrUOyynuFCnXnXr8V/HlmY/YkAd9F87chZnkTJRlzak17kIWr+i7w3A=="],

    "@polkadot/wasm-crypto-wasm": ["@polkadot/wasm-crypto-wasm@7.5.1", "", { "dependencies": { "@polkadot/wasm-util": "7.5.1", "tslib": "^2.7.0" }, "peerDependencies": { "@polkadot/util": "*" } }, "sha512-S2yQSGbOGTcaV6UdipFVyEGanJvG6uD6Tg7XubxpiGbNAblsyYKeFcxyH1qCosk/4qf+GIUwlOL4ydhosZflqg=="],

    "@polkadot/wasm-util": ["@polkadot/wasm-util@7.5.1", "", { "dependencies": { "tslib": "^2.7.0" }, "peerDependencies": { "@polkadot/util": "*" } }, "sha512-sbvu71isFhPXpvMVX+EkRnUg/+54Tx7Sf9BEMqxxoPj7cG1I/MKeDEwbQz6MaU4gm7xJqvEWCAemLFcXfHQ/2A=="],

    "@polkadot/x-bigint": ["@polkadot/x-bigint@13.5.7", "", { "dependencies": { "@polkadot/x-global": "13.5.7", "tslib": "^2.8.0" } }, "sha512-NbN4EPbMBhjOXoWj0BVcT49/obzusFWPKbSyBxbZi8ITBaIIgpncgcCfXY4rII6Fqh74khx9jdevWge/6ycepQ=="],

    "@polkadot/x-fetch": ["@polkadot/x-fetch@13.5.7", "", { "dependencies": { "@polkadot/x-global": "13.5.7", "node-fetch": "^3.3.2", "tslib": "^2.8.0" } }, "sha512-ZlPtWJAq7xMMr8wo9API8l6mKRr/6kClF0Hm1CVhQgZruFTZd7A2XZfETMg49yaRouy16SRI85WhIw+pXfQd3g=="],

    "@polkadot/x-global": ["@polkadot/x-global@13.5.7", "", { "dependencies": { "tslib": "^2.8.0" } }, "sha512-TkBxLfeKtj0laCzXp2lvRhwSIeXSxIu7LAWpfAUW4SYNFQvtgIS0x0Bq70CUW3lcy0wqTrSG2cqzfnbomB0Djw=="],

    "@polkadot/x-randomvalues": ["@polkadot/x-randomvalues@13.5.7", "", { "dependencies": { "@polkadot/x-global": "13.5.7", "tslib": "^2.8.0" }, "peerDependencies": { "@polkadot/util": "13.5.7", "@polkadot/wasm-util": "*" } }, "sha512-NEElpdu+Wqlr6USoh3abQfe0MaWlFlynPiqkA0/SJjK+0V0UOw0CyPwPgGrGa71/ju+1bsnu/ySshXqCR8HXTw=="],

    "@polkadot/x-textdecoder": ["@polkadot/x-textdecoder@13.5.7", "", { "dependencies": { "@polkadot/x-global": "13.5.7", "tslib": "^2.8.0" } }, "sha512-wjSj+T2pBA1uW9dDYriZMAv4WgXl5zcWblxwOsZd3V/qxifMSlSLAy0WeC+08DD6TXGQYCOU0uOALsDivkUDZA=="],

    "@polkadot/x-textencoder": ["@polkadot/x-textencoder@13.5.7", "", { "dependencies": { "@polkadot/x-global": "13.5.7", "tslib": "^2.8.0" } }, "sha512-h6RsGUY8ZZrfqsbojD1VqTqmXcojDSfbXQHhVcAWqgceeh9JOOw8Q6yzhv+KpPelqKq/map3bobJaebQ8QNTMw=="],

    "@polkadot/x-ws": ["@polkadot/x-ws@13.5.7", "", { "dependencies": { "@polkadot/x-global": "13.5.7", "tslib": "^2.8.0", "ws": "^8.18.0" } }, "sha512-ZdmFhL3gDMRxJXqN7a88BIU1sm2IgAFnn+jMcjjJXwP5qEuP9ejwPHQL0EFOw6sqtylfQUFuWvahvIZT7MbQ5g=="],

    "@scure/base": ["@scure/base@1.2.6", "", {}, "sha512-g/nm5FgUa//MCj1gV09zTJTaM6KBAHqLN907YVQqf7zC49+DcO4B1so4ZX07Ef10Twr6nuqYEH9GEggFXA4Fmg=="],

    "@substrate/connect": ["@substrate/connect@0.8.11", "", { "dependencies": { "@substrate/connect-extension-protocol": "^2.0.0", "@substrate/connect-known-chains": "^1.1.5", "@substrate/light-client-extension-helpers": "^1.0.0", "smoldot": "2.0.26" } }, "sha512-ofLs1PAO9AtDdPbdyTYj217Pe+lBfTLltdHDs3ds8no0BseoLeAGxpz1mHfi7zB4IxI3YyAiLjH6U8cw4pj4Nw=="],

    "@substrate/connect-extension-protocol": ["@substrate/connect-extension-protocol@2.2.2", "", {}, "sha512-t66jwrXA0s5Goq82ZtjagLNd7DPGCNjHeehRlE/gcJmJ+G56C0W+2plqOMRicJ8XGR1/YFnUSEqUFiSNbjGrAA=="],

    "@substrate/connect-known-chains": ["@substrate/connect-known-chains@1.10.3", "", {}, "sha512-OJEZO1Pagtb6bNE3wCikc2wrmvEU5x7GxFFLqqbz1AJYYxSlrPCGu4N2og5YTExo4IcloNMQYFRkBGue0BKZ4w=="],

    "@substrate/light-client-extension-helpers": ["@substrate/light-client-extension-helpers@1.0.0", "", { "dependencies": { "@polkadot-api/json-rpc-provider": "^0.0.1", "@polkadot-api/json-rpc-provider-proxy": "^0.1.0", "@polkadot-api/observable-client": "^0.3.0", "@polkadot-api/substrate-client": "^0.1.2", "@substrate/connect-extension-protocol": "^2.0.0", "@substrate/connect-known-chains": "^1.1.5", "rxjs": "^7.8.1" }, "peerDependencies": { "smoldot": "2.x" } }, "sha512-TdKlni1mBBZptOaeVrKnusMg/UBpWUORNDv5fdCaJklP4RJiFOzBCrzC+CyVI5kQzsXBisZ+2pXm+rIjS38kHg=="],

    "@substrate/ss58-registry": ["@substrate/ss58-registry@1.51.0", "", {}, "sha512-TWDurLiPxndFgKjVavCniytBIw+t4ViOi7TYp9h/D0NMmkEc9klFTo+827eyEJ0lELpqO207Ey7uGxUa+BS1jQ=="],

    "@types/bn.js": ["@types/bn.js@5.2.0", "", { "dependencies": { "@types/node": "*" } }, "sha512-DLbJ1BPqxvQhIGbeu8VbUC1DiAiahHtAYvA0ZEAa4P31F7IaArc8z3C3BRQdWX4mtLQuABG4yzp76ZrS02Ui1Q=="],

    "@types/bun": ["@types/bun@1.3.0", "", { "dependencies": { "bun-types": "1.3.0" } }, "sha512-+lAGCYjXjip2qY375xX/scJeVRmZ5cY0wyHYyCYxNcdEXrQ4AOe3gACgd4iQ8ksOslJtW4VNxBJ8llUwc3a6AA=="],

    "@types/node": ["@types/node@24.7.2", "", { "dependencies": { "undici-types": "~7.14.0" } }, "sha512-/NbVmcGTP+lj5oa4yiYxxeBjRivKQ5Ns1eSZeB99ExsEQ6rX5XYU1Zy/gGxY/ilqtD4Etx9mKyrPxZRetiahhA=="],

    "@types/react": ["@types/react@19.2.2", "", { "dependencies": { "csstype": "^3.0.2" } }, "sha512-6mDvHUFSjyT2B2yeNx2nUgMxh9LtOWvkhIU3uePn2I2oyNymUAX1NIsdgviM4CH+JSrp2D2hsMvJOkxY+0wNRA=="],

    "bn.js": ["bn.js@5.2.2", "", {}, "sha512-v2YAxEmKaBLahNwE1mjp4WON6huMNeuDvagFZW+ASCuA/ku0bXR9hSMw0XpiqMoA3+rmnyck/tPRSFQkoC9Cuw=="],

    "bun-types": ["bun-types@1.3.0", "", { "dependencies": { "@types/node": "*" }, "peerDependencies": { "@types/react": "^19" } }, "sha512-u8X0thhx+yJ0KmkxuEo9HAtdfgCBaM/aI9K90VQcQioAmkVp3SG3FkwWGibUFz3WdXAdcsqOcbU40lK7tbHdkQ=="],

    "csstype": ["csstype@3.1.3", "", {}, "sha512-M1uQkMl8rQK/szD0LNhtqxIPLpimGm8sOBwU7lLnCpSbTyY3yeU1Vc7l4KT5zT4s/yOxHH5O7tIuuLOCnLADRw=="],

    "data-uri-to-buffer": ["data-uri-to-buffer@4.0.1", "", {}, "sha512-0R9ikRb668HB7QDxT1vkpuUBtqc53YyAwMwGeUFKRojY/NWKvdZ+9UYtRfGmhqNbRkTSVpMbmyhXipFFv2cb/A=="],

    "debug": ["debug@4.4.3", "", { "dependencies": { "ms": "^2.1.3" } }, "sha512-RGwwWnwQvkVfavKVt22FGLw+xYSdzARwm0ru6DhTVA3umU5hZc28V3kO4stgYryrTlLpuvgI9GiijltAjNbcqA=="],

    "dotenv": ["dotenv@17.2.3", "", {}, "sha512-JVUnt+DUIzu87TABbhPmNfVdBDt18BLOWjMUFJMSi/Qqg7NTYtabbvSNJGOJ7afbRuv9D/lngizHtP7QyLQ+9w=="],

    "eventemitter3": ["eventemitter3@5.0.1", "", {}, "sha512-GWkBvjiSZK87ELrYOSESUYeVIc9mvLLf/nXalMOS5dYrgZq9o5OVkbZAVM06CVxYsCwH9BDZFPlQTlPA1j4ahA=="],

    "fetch-blob": ["fetch-blob@3.2.0", "", { "dependencies": { "node-domexception": "^1.0.0", "web-streams-polyfill": "^3.0.3" } }, "sha512-7yAQpD2UMJzLi1Dqv7qFYnPbaPx7ZfFK6PiIxQ4PfkGPyNyl2Ugx+a/umUonmKqjhM4DnfbMvdX6otXq83soQQ=="],

    "formdata-polyfill": ["formdata-polyfill@4.0.10", "", { "dependencies": { "fetch-blob": "^3.1.2" } }, "sha512-buewHzMvYL29jdeQTVILecSaZKnt/RJWjoZCF5OW60Z67/GmSLBkOFM7qh1PI3zFNtJbaZL5eQu1vLfazOwj4g=="],

    "json-stringify-safe": ["json-stringify-safe@5.0.1", "", {}, "sha512-ZClg6AaYvamvYEE82d3Iyd3vSSIjQ+odgjaTzRuO3s7toCdFKczob2i0zCh7JE8kWn17yvAWhUVxvqGwUalsRA=="],

    "mock-socket": ["mock-socket@9.3.1", "", {}, "sha512-qxBgB7Qa2sEQgHFjj0dSigq7fX4k6Saisd5Nelwp2q8mlbAFh5dHV9JTTlF8viYJLSSWgMCZFUom8PJcMNBoJw=="],

    "ms": ["ms@2.1.3", "", {}, "sha512-6FlzubTLZG3J2a/NVCAleEhjzq5oxgHyaCU9yYXvcLsvoVaHJq/s5xXI6/XXP6tz7R9xAOtHnSO/tXtF3WRTlA=="],

    "nock": ["nock@13.5.6", "", { "dependencies": { "debug": "^4.1.0", "json-stringify-safe": "^5.0.1", "propagate": "^2.0.0" } }, "sha512-o2zOYiCpzRqSzPj0Zt/dQ/DqZeYoaQ7TUonc/xUPjCGl9WeHpNbxgVvOquXYAaJzI0M9BXV3HTzG0p8IUAbBTQ=="],

    "node-domexception": ["node-domexception@1.0.0", "", {}, "sha512-/jKZoMpw0F8GRwl4/eLROPA3cfcXtLApP0QzLmUT/HuPCZWyB7IY9ZrMeKw2O/nFIqPQB3PVM9aYm0F312AXDQ=="],

    "node-fetch": ["node-fetch@3.3.2", "", { "dependencies": { "data-uri-to-buffer": "^4.0.0", "fetch-blob": "^3.1.4", "formdata-polyfill": "^4.0.10" } }, "sha512-dRB78srN/l6gqWulah9SrxeYnxeddIG30+GOqK/9OlLVyLg3HPnr6SqOWTWOXKRwC2eGYCkZ59NNuSgvSrpgOA=="],

    "propagate": ["propagate@2.0.1", "", {}, "sha512-vGrhOavPSTz4QVNuBNdcNXePNdNMaO1xj9yBeH1ScQPjk/rhg9sSlCXPhMkFuaNNW/syTvYqsnbIJxMBfRbbag=="],

    "rxjs": ["rxjs@7.8.2", "", { "dependencies": { "tslib": "^2.1.0" } }, "sha512-dhKf903U/PQZY6boNNtAGdWbG85WAbjT/1xYoZIC7FAY0yWapOBQVsVrDl58W86//e1VpMNBtRV4MaXfdMySFA=="],

    "scale-ts": ["scale-ts@1.6.1", "", {}, "sha512-PBMc2AWc6wSEqJYBDPcyCLUj9/tMKnLX70jLOSndMtcUoLQucP/DM0vnQo1wJAYjTrQiq8iG9rD0q6wFzgjH7g=="],

    "smoldot": ["smoldot@2.0.26", "", { "dependencies": { "ws": "^8.8.1" } }, "sha512-F+qYmH4z2s2FK+CxGj8moYcd1ekSIKH8ywkdqlOz88Dat35iB1DIYL11aILN46YSGMzQW/lbJNS307zBSDN5Ig=="],

    "tslib": ["tslib@2.8.1", "", {}, "sha512-oJFu94HQb+KVduSUQL7wnpmqnfmLsOA/nAh6b6EH0wCEoK0/mPeXU6c3wKDV83MkOuHPRHtSXKKU99IBazS/2w=="],

    "typescript": ["typescript@5.9.3", "", { "bin": { "tsc": "bin/tsc", "tsserver": "bin/tsserver" } }, "sha512-jl1vZzPDinLr9eUt3J/t7V6FgNEw9QjvBPdysz9KfQDD41fQrC2Y4vKQdiaUpFT4bXlb1RHhLpp8wtm6M5TgSw=="],

    "undici-types": ["undici-types@7.14.0", "", {}, "sha512-QQiYxHuyZ9gQUIrmPo3IA+hUl4KYk8uSA7cHrcKd/l3p1OTpZcM0Tbp9x7FAtXdAYhlasd60ncPpgu6ihG6TOA=="],

    "web-streams-polyfill": ["web-streams-polyfill@3.3.3", "", {}, "sha512-d2JWLCivmZYTSIoge9MsgFCZrt571BikcWGYkjC1khllbTeDlGqZ2D8vD8E/lJa8WGWbb7Plm8/XJYV7IJHZZw=="],

    "ws": ["ws@8.18.3", "", { "peerDependencies": { "bufferutil": "^4.0.1", "utf-8-validate": ">=5.0.2" }, "optionalPeers": ["bufferutil", "utf-8-validate"] }, "sha512-PEIGCY5tSlUt50cqyMXfCzX+oOPqN0vuGqWzbcJ2xvnkzkq46oOpz7dQaTDBdfICb4N14+GARUDw2XV2N4tvzg=="],
  }
}
